{
  "name": "corp-web-japan-deploy",
  "lockfileVersion": 3,
  "requires": true,
  "packages": {
    "": {
      "name": "corp-web-japan-deploy",
      "dependencies": {
        "@vercel/sdk": "^1.28.12",
        "dotenv": "^17.2.3"
      }
    },
    "node_modules/@vercel/sdk": {
      "version": "1.28.12",
      "resolved": "https://registry.npmjs.org/@vercel/sdk/-/sdk-1.28.12.tgz",
      "integrity": "sha512-IRnKgd7CVfOVijWn/vL5H2vG4cVg1mSjBSSs0FgqOvamf/kp8bWx2i6OO51KEKHPskeaRnAQBXGvm5fFROy7Dw==",
      "license": "Apache-2.0",
      "dependencies": {
        "zod": "^3.25.0 || ^4.0.0"
      }
    },
    "node_modules/dotenv": {
      "version": "17.3.1",
      "resolved": "https://registry.npmjs.org/dotenv/-/dotenv-17.3.1.tgz",
      "integrity": "sha512-IO8C/dzEb6O3F9/twg6ZLXz164a2fhTnEWb95H23Dm4OuN+92NmEAlTrupP9VW6Jm3sO26tQlqyvyi4CsnY9GA==",
      "license": "BSD-2-Clause",
      "engines": {
        "node": ">=12"
      },
      "funding": {
        "url": "https://dotenvx.com"
      }
    },
    "node_modules/zod": {
      "version": "4.4.3",
      "resolved": "https://registry.npmjs.org/zod/-/zod-4.4.3.tgz",
      "integrity": "sha512-ytENFjIJFl2UwYglde2jchW2Hwm4GJFLDiSXWdTrJQBIN9Fcyp7n4DhxJEiWNAJMV1/BqWfW/kkg71UDcHJyTQ==",
      "license": "MIT",
      "funding": {
        "url": "https://github.com/sponsors/colinhacks"
      }
    }
  }
}
